<Solution>
  <Project Path="Auth.Token.Enrichment.AppHost/Auth.Token.Enrichment.AppHost.csproj" />
  <Project Path="Auth.Token.Enrichment.AzureB2cWebApp/Auth.Token.Enrichment.AzureB2cWebApp.csproj" />
  <Project Path="Auth.Token.Enrichment.ServiceDefaults/Auth.Token.Enrichment.ServiceDefaults.csproj" />
</Solution>
